
Microsoft Visual Studio Solution File, Format Version 12.00
# Visual Studio Version 16
VisualStudioVersion = 16.0.30204.135
MinimumVisualStudioVersion = 10.0.40219.1
Project("{FAE04EC0-301F-11D3-BF4B-00C04F79EFBC}") = "EsVerificaGithub", "EsVerificaGithub\EsVerificaGithub.csproj", "{1A9A44D5-B647-4652-A96C-4A9E0B49134A}"
EndProject
Global
	GlobalSection(SolutionConfigurationPlatforms) = preSolution
		Debug|Any CPU = Debug|Any CPU
		Release|Any CPU = Release|Any CPU
	EndGlobalSection
	GlobalSection(ProjectConfigurationPlatforms) = postSolution
		{1A9A44D5-B647-4652-A96C-4A9E0B49134A}.Debug|Any CPU.ActiveCfg = Debug|Any CPU
		{1A9A44D5-B647-4652-A96C-4A9E0B49134A}.Debug|Any CPU.Build.0 = Debug|Any CPU
		{1A9A44D5-B647-4652-A96C-4A9E0B49134A}.Release|Any CPU.ActiveCfg = Release|Any CPU
		{1A9A44D5-B647-4652-A96C-4A9E0B49134A}.Release|Any CPU.Build.0 = Release|Any CPU
	EndGlobalSection
	GlobalSection(SolutionProperties) = preSolution
		HideSolutionNode = FALSE
	EndGlobalSection
	GlobalSection(ExtensibilityGlobals) = postSolution
		SolutionGuid = {4AEB5237-239F-4023-B5C2-1DFBEBAE84A7}
	EndGlobalSection
EndGlobal
